
Microsoft Visual Studio Solution File, Format Version 12.00
# Visual Studio Version 17
VisualStudioVersion = 17.10.35122.118
MinimumVisualStudioVersion = 10.0.40219.1
Project("{FAE04EC0-301F-11D3-BF4B-00C04F79EFBC}") = "Auto Battler", "Auto Battler\Auto Battler.csproj", "{4422A742-CE46-4898-9045-7DAD413F49EC}"
EndProject
Global
	GlobalSection(SolutionConfigurationPlatforms) = preSolution
		Debug|Any CPU = Debug|Any CPU
		Release|Any CPU = Release|Any CPU
	EndGlobalSection
	GlobalSection(ProjectConfigurationPlatforms) = postSolution
		{4422A742-CE46-4898-9045-7DAD413F49EC}.Debug|Any CPU.ActiveCfg = Debug|Any CPU
		{4422A742-CE46-4898-9045-7DAD413F49EC}.Debug|Any CPU.Build.0 = Debug|Any CPU
		{4422A742-CE46-4898-9045-7DAD413F49EC}.Release|Any CPU.ActiveCfg = Release|Any CPU
		{4422A742-CE46-4898-9045-7DAD413F49EC}.Release|Any CPU.Build.0 = Release|Any CPU
	EndGlobalSection
	GlobalSection(SolutionProperties) = preSolution
		HideSolutionNode = FALSE
	EndGlobalSection
	GlobalSection(ExtensibilityGlobals) = postSolution
		SolutionGuid = {2B83F8A9-97BF-4D91-B6B5-472D5BD2A024}
	EndGlobalSection
EndGlobal
